# THIS IS AN AUTOGENERATED FILE. DO NOT EDIT THIS FILE DIRECTLY.
# yarn lockfile v1


near@^0.2.2:
  version "0.2.2"
  resolved "https://registry.yarnpkg.com/near/-/near-0.2.2.tgz#104097accd0ae2e1515b2ee19c3717b10fde27ec"
  integrity sha512-/AaYaROAiftIX8G6hYA+OeLihHrVTzUxsPZKj9TWCAOD+K6sTJxibfIuYJOeqZMkoWRHommjK8MHhdmWFjUzcA==
